
Microsoft Visual Studio Solution File, Format Version 12.00
# Visual Studio 14
VisualStudioVersion = 14.0.25420.1
MinimumVisualStudioVersion = 10.0.40219.1
Project("{FAE04EC0-301F-11D3-BF4B-00C04F79EFBC}") = "mattberther.chef", "src\dotnet-chef-api\mattberther.chef.csproj", "{372FBC50-8121-4D87-B1E7-E5D8781AD012}"
EndProject
Project("{FAE04EC0-301F-11D3-BF4B-00C04F79EFBC}") = "mattberther.chef.unittests", "src\unittests\mattberther.chef.unittests.csproj", "{08923E0D-E2E0-4D26-B171-E2A5633F4AB7}"
EndProject
Project("{2150E333-8FDC-42A3-9474-1A3956D46DE8}") = "Solution Items", "Solution Items", "{881A6CBA-4114-4E4D-9A62-0BA25A4EC7D9}"
	ProjectSection(SolutionItems) = preProject
		.travis.yml = .travis.yml
		README.md = README.md
	EndProjectSection
EndProject
Global
	GlobalSection(SolutionConfigurationPlatforms) = preSolution
		Debug|Any CPU = Debug|Any CPU
		Release|Any CPU = Release|Any CPU
	EndGlobalSection
	GlobalSection(ProjectConfigurationPlatforms) = postSolution
		{372FBC50-8121-4D87-B1E7-E5D8781AD012}.Debug|Any CPU.ActiveCfg = Debug|Any CPU
		{372FBC50-8121-4D87-B1E7-E5D8781AD012}.Debug|Any CPU.Build.0 = Debug|Any CPU
		{372FBC50-8121-4D87-B1E7-E5D8781AD012}.Release|Any CPU.ActiveCfg = Release|Any CPU
		{372FBC50-8121-4D87-B1E7-E5D8781AD012}.Release|Any CPU.Build.0 = Release|Any CPU
		{08923E0D-E2E0-4D26-B171-E2A5633F4AB7}.Debug|Any CPU.ActiveCfg = Debug|Any CPU
		{08923E0D-E2E0-4D26-B171-E2A5633F4AB7}.Debug|Any CPU.Build.0 = Debug|Any CPU
		{08923E0D-E2E0-4D26-B171-E2A5633F4AB7}.Release|Any CPU.ActiveCfg = Release|Any CPU
		{08923E0D-E2E0-4D26-B171-E2A5633F4AB7}.Release|Any CPU.Build.0 = Release|Any CPU
	EndGlobalSection
	GlobalSection(SolutionProperties) = preSolution
		HideSolutionNode = FALSE
	EndGlobalSection
EndGlobal
